
Microsoft Visual Studio Solution File, Format Version 12.00
# Visual Studio Version 17
VisualStudioVersion = 17.6.33723.286
MinimumVisualStudioVersion = 10.0.40219.1
Project("{FAE04EC0-301F-11D3-BF4B-00C04F79EFBC}") = "TCPClientServerC#Api", "TCPClientServerC#Api.csproj", "{99A9A24E-3A04-4FDE-B171-11033B4FFA6B}"
EndProject
Project("{FAE04EC0-301F-11D3-BF4B-00C04F79EFBC}") = "DRSRadaApi", "..\DRSRadaApi\DRSRadaApi.csproj", "{3BA7D76D-72AC-47E8-98B0-89D4100197B8}"
EndProject
Project("{FAE04EC0-301F-11D3-BF4B-00C04F79EFBC}") = "TCPClientC#Api", "..\TCPClientC#Api\TCPClientC#Api.csproj", "{CED89A0C-BDFC-4417-B952-BDBA046D7161}"
EndProject
Project("{FAE04EC0-301F-11D3-BF4B-00C04F79EFBC}") = "AsyncTCPServer", "..\AsyncTCPServer\AsyncTCPServer.csproj", "{4923F5DA-9B84-4F54-8A0D-C4EB98FA89CA}"
EndProject
Project("{FAE04EC0-301F-11D3-BF4B-00C04F79EFBC}") = "InvokersLib", "InvokersLib\InvokersLib.csproj", "{E40F14D8-9643-4903-A79A-4A658FF0C732}"
EndProject
Global
	GlobalSection(SolutionConfigurationPlatforms) = preSolution
		Debug|Any CPU = Debug|Any CPU
		Release|Any CPU = Release|Any CPU
	EndGlobalSection
	GlobalSection(ProjectConfigurationPlatforms) = postSolution
		{99A9A24E-3A04-4FDE-B171-11033B4FFA6B}.Debug|Any CPU.ActiveCfg = Debug|Any CPU
		{99A9A24E-3A04-4FDE-B171-11033B4FFA6B}.Debug|Any CPU.Build.0 = Debug|Any CPU
		{99A9A24E-3A04-4FDE-B171-11033B4FFA6B}.Release|Any CPU.ActiveCfg = Release|Any CPU
		{99A9A24E-3A04-4FDE-B171-11033B4FFA6B}.Release|Any CPU.Build.0 = Release|Any CPU
		{3BA7D76D-72AC-47E8-98B0-89D4100197B8}.Debug|Any CPU.ActiveCfg = Debug|Any CPU
		{3BA7D76D-72AC-47E8-98B0-89D4100197B8}.Debug|Any CPU.Build.0 = Debug|Any CPU
		{3BA7D76D-72AC-47E8-98B0-89D4100197B8}.Release|Any CPU.ActiveCfg = Release|Any CPU
		{3BA7D76D-72AC-47E8-98B0-89D4100197B8}.Release|Any CPU.Build.0 = Release|Any CPU
		{CED89A0C-BDFC-4417-B952-BDBA046D7161}.Debug|Any CPU.ActiveCfg = Debug|Any CPU
		{CED89A0C-BDFC-4417-B952-BDBA046D7161}.Debug|Any CPU.Build.0 = Debug|Any CPU
		{CED89A0C-BDFC-4417-B952-BDBA046D7161}.Release|Any CPU.ActiveCfg = Release|Any CPU
		{CED89A0C-BDFC-4417-B952-BDBA046D7161}.Release|Any CPU.Build.0 = Release|Any CPU
		{4923F5DA-9B84-4F54-8A0D-C4EB98FA89CA}.Debug|Any CPU.ActiveCfg = Debug|Any CPU
		{4923F5DA-9B84-4F54-8A0D-C4EB98FA89CA}.Debug|Any CPU.Build.0 = Debug|Any CPU
		{4923F5DA-9B84-4F54-8A0D-C4EB98FA89CA}.Release|Any CPU.ActiveCfg = Release|Any CPU
		{4923F5DA-9B84-4F54-8A0D-C4EB98FA89CA}.Release|Any CPU.Build.0 = Release|Any CPU
		{E40F14D8-9643-4903-A79A-4A658FF0C732}.Debug|Any CPU.ActiveCfg = Debug|Any CPU
		{E40F14D8-9643-4903-A79A-4A658FF0C732}.Debug|Any CPU.Build.0 = Debug|Any CPU
		{E40F14D8-9643-4903-A79A-4A658FF0C732}.Release|Any CPU.ActiveCfg = Release|Any CPU
		{E40F14D8-9643-4903-A79A-4A658FF0C732}.Release|Any CPU.Build.0 = Release|Any CPU
	EndGlobalSection
	GlobalSection(SolutionProperties) = preSolution
		HideSolutionNode = FALSE
	EndGlobalSection
	GlobalSection(ExtensibilityGlobals) = postSolution
		SolutionGuid = {8AFC1D73-5AAD-4A98-A360-D755A862515C}
	EndGlobalSection
EndGlobal
